
Microsoft Visual Studio Solution File, Format Version 12.00
# Visual Studio Version 17
VisualStudioVersion = 17.14.36408.4 d17.14
MinimumVisualStudioVersion = 10.0.40219.1
Project("{FAE04EC0-301F-11D3-BF4B-00C04F79EFBC}") = "insidetestrepo", "insidetestrepo.csproj", "{AD76C754-95F4-46DE-9362-EAA1B8C5087A}"
EndProject
Global
	GlobalSection(SolutionConfigurationPlatforms) = preSolution
		Debug|Any CPU = Debug|Any CPU
		Release|Any CPU = Release|Any CPU
	EndGlobalSection
	GlobalSection(ProjectConfigurationPlatforms) = postSolution
		{AD76C754-95F4-46DE-9362-EAA1B8C5087A}.Debug|Any CPU.ActiveCfg = Debug|Any CPU
		{AD76C754-95F4-46DE-9362-EAA1B8C5087A}.Debug|Any CPU.Build.0 = Debug|Any CPU
		{AD76C754-95F4-46DE-9362-EAA1B8C5087A}.Release|Any CPU.ActiveCfg = Release|Any CPU
		{AD76C754-95F4-46DE-9362-EAA1B8C5087A}.Release|Any CPU.Build.0 = Release|Any CPU
	EndGlobalSection
	GlobalSection(SolutionProperties) = preSolution
		HideSolutionNode = FALSE
	EndGlobalSection
	GlobalSection(ExtensibilityGlobals) = postSolution
		SolutionGuid = {8FCE3F7C-D009-4327-8393-5F83E3283CC4}
	EndGlobalSection
EndGlobal
